<Solution>
  <Folder Name="/src/">
    <Project Path="src/SecondBrain.Cli/SecondBrain.Cli.csproj" />
    <Project Path="src/SecondBrain.Core/SecondBrain.Core.csproj" />
    <Project Path="src/SecondBrain.Extractor/SecondBrain.Extractor.csproj" />
    <Project Path="src/SecondBrain.Infrastructure/SecondBrain.Infrastructure.csproj" />
    <Project Path="src/SecondBrain.Providers.OpenAICompatible/SecondBrain.Providers.OpenAICompatible.csproj" />
    <Project Path="src/SecondBrain.Server/SecondBrain.Server.csproj" />
    <Project Path="src/SecondBrain.Storage/SecondBrain.Storage.csproj" />
  </Folder>
  <Folder Name="/tests/">
    <Project Path="tests/SecondBrain.Architecture.Tests/SecondBrain.Architecture.Tests.csproj" />
    <Project Path="tests/SecondBrain.Core.Tests/SecondBrain.Core.Tests.csproj" />
    <Project Path="tests/SecondBrain.Deploy.Tests/SecondBrain.Deploy.Tests.csproj" />
    <Project Path="tests/SecondBrain.Infrastructure.Tests/SecondBrain.Infrastructure.Tests.csproj" />
    <Project Path="tests/SecondBrain.MockProvider/SecondBrain.MockProvider.csproj" />
    <Project Path="tests/SecondBrain.Providers.OpenAICompatible.Tests/SecondBrain.Providers.OpenAICompatible.Tests.csproj" />
    <Project Path="tests/SecondBrain.Server.Tests/SecondBrain.Server.Tests.csproj" />
    <Project Path="tests/SecondBrain.Storage.Tests/SecondBrain.Storage.Tests.csproj" />
  </Folder>
</Solution>
