{
  "version": 2,
  "dependencies": {
    "net10.0": {
      "Isopoh.Cryptography.Argon2": {
        "type": "Direct",
        "requested": "[2.0.0, )",
        "resolved": "2.0.0",
        "contentHash": "8ytWN19j+qARb/XYi7KkNMm4Z8zS6tfGgnsZ1N5ihbQ5LXfyL+uYowfJxtGW9TO0S8NM2q0BaTKGOtOlsrhclQ==",
        "dependencies": {
          "Isopoh.Cryptography.Blake2b": "2.0.0",
          "Isopoh.Cryptography.SecureArray": "2.0.0"
        }
      },
      "Microsoft.AspNetCore.DataProtection.Abstractions": {
        "type": "Direct",
        "requested": "[10.0.12, )",
        "resolved": "10.0.12",
        "contentHash": "r9Rcg9xjKrTmYYHLqb7Ur64xkP8LzR+0EkxkKHqNIjGHFMgr/AuXxNuGXxZd2ScjPjwXM+VxfGfG7DPnYibkfw=="
      },
      "Microsoft.Extensions.Options": {
        "type": "Direct",
        "requested": "[10.0.12, )",
        "resolved": "10.0.12",
        "contentHash": "TDYD33TSRpXKZWlmTXNlj5kCihxatmv2Ec1u6C+bMYLphCS7PoSLE9Pjd/nunDoE7yETk+LLKjVJX78HYtWjpA==",
        "dependencies": {
          "Microsoft.Extensions.DependencyInjection.Abstractions": "10.0.12",
          "Microsoft.Extensions.Primitives": "10.0.12"
        }
      },
      "Ulid": {
        "type": "Direct",
        "requested": "[1.4.1, )",
        "resolved": "1.4.1",
        "contentHash": "V6crLJ8a29raWeNwxYGfH9RTKA3H0nR0D9LAGzN3KtEsbiiaWkUjDor6OT5Oz7pxCK+NaY2hu2FLoYEOa8oCkA=="
      },
      "YamlDotNet": {
        "type": "Direct",
        "requested": "[18.1.0, )",
        "resolved": "18.1.0",
        "contentHash": "5K+9KFg2TdTl7VXv88Qzi/0lqK6JFoNP3lRuImPYGRV7K/QYklDyTrj4+A+KAki1JsQi6qKY+hDyY7d6WRqjrw=="
      },
      "Humanizer.Core": {
        "type": "Transitive",
        "resolved": "3.0.10",
        "contentHash": "yZIhtw8sYuvsONzQbZxWpR60tMWYHXoo0DL6nyOqSFiU5POjBTSEyWFpTQtJEZuy+oqiYTXKXY/Mjx7KnqIQFw=="
      },
      "Isopoh.Cryptography.Blake2b": {
        "type": "Transitive",
        "resolved": "2.0.0",
        "contentHash": "Co56bjSZV13fpvYHEN04qG8hqc0rKRm4os8iEgpJ/kujvt0pYtOVhj5J0Q7HBPbHwpcChRh2CjYVCGm4nw85VQ==",
        "dependencies": {
          "Isopoh.Cryptography.SecureArray": "2.0.0"
        }
      },
      "Isopoh.Cryptography.SecureArray": {
        "type": "Transitive",
        "resolved": "2.0.0",
        "contentHash": "oWbRv/BTztKJxKFr3FBurWBBCgE1+nUTm3pwtA3Yg7Xeo4wDpaLstAwqx8HeQG3/b9yOs2qykpqfbNPJ40McIw=="
      },
      "Json.More.Net": {
        "type": "Transitive",
        "resolved": "3.0.1",
        "contentHash": "fRctF2J2SILYG6wqP21drmeEODmCVkVQ/b3MndDu2fT1swfySyUgq7ePCk+aENGlDcIm05fyfjh9vcuqDEfv3w=="
      },
      "JsonPointer.Net": {
        "type": "Transitive",
        "resolved": "7.0.2",
        "contentHash": "oClYHv2ooeRrtPZyC9sb/Za/ie5pGhjTbNHlAyFg4XOCyU+606FdoZKS7UdaWvtsPlrF+U2w0Ja3TRvn5+spyA==",
        "dependencies": {
          "Humanizer.Core": "3.0.10",
          "Json.More.Net": "3.0.1"
        }
      },
      "Microsoft.Extensions.DependencyInjection.Abstractions": {
        "type": "Transitive",
        "resolved": "10.0.12",
        "contentHash": "9/qymSh7hVDMGTGwrLz8MRp5zRyXy9adGDOs4HwRdnLil3oZGYuWeZjbmHgCQ9BL1qBroVfgUK3U/nb61617Cw=="
      },
      "Microsoft.Extensions.Primitives": {
        "type": "Transitive",
        "resolved": "10.0.12",
        "contentHash": "dYfCLR52UA+3DL7C4I/pvSaRPkNqxrUAQmbFL2u0zvYKKzqgrFCJl08Df+F1aYc8leu9JvpC9bsURUdpExcBXQ=="
      },
      "secondbrain.core": {
        "type": "Project",
        "dependencies": {
          "JsonSchema.Net": "[9.4.0, )",
          "Microsoft.Extensions.AI.Abstractions": "[10.10.1, )",
          "Microsoft.Extensions.Options": "[10.0.12, )",
          "Ulid": "[1.4.1, )",
          "YamlDotNet": "[18.1.0, )"
        }
      },
      "JsonSchema.Net": {
        "type": "CentralTransitive",
        "requested": "[9.4.0, )",
        "resolved": "9.4.0",
        "contentHash": "muE4nPuzbD9x5XA1mkXJNqX4mhz47oF3EY8qFLY1pyUY7lhXFKq65t/dSKIHeNSLBV17zwZuq24MD1em90rMNg==",
        "dependencies": {
          "JsonPointer.Net": "7.0.2"
        }
      },
      "Microsoft.Extensions.AI.Abstractions": {
        "type": "CentralTransitive",
        "requested": "[10.10.1, )",
        "resolved": "10.10.1",
        "contentHash": "Kz6ezQfRb9x2TkIWyaXkVAfpvyoAlEDfC59klPrdr2XD5WM4HNw+PREAZ+Fo43GPldtX+E0i1aYzMFQ/zXYMLg=="
      }
    },
    "net10.0/linux-x64": {}
  }
}